{
  "name": "@mariaadelaide/static-seed",
  "version": "0.0.0",
  "lockfileVersion": 1,
  "requires": true,
  "dependencies": {
    "html5-boilerplate": {
      "version": "6.0.1",
      "resolved": "https://registry.npmjs.org/html5-boilerplate/-/html5-boilerplate-6.0.1.tgz",
      "integrity": "sha512-IpcOettHszhinMNXqfwDZmUKha78KZ3rSzpPYoGOHFavg3DcX78bg3s0WccXwl47DhHm/rzu7TdsYZwn/nr1bw==",
      "dev": true
    }
  }
}
